// !$*UTF8*$!
{
	archiveVersion = 1;
	classes = {
	};
	objectVersion = 48;
	objects = {

/* Begin PBXBuildFile section */
		9C8C2B8720624BCF00B14D4D /* AppDelegate.swift in Sources */ = {isa = PBXBuildFile; fileRef = 9C8C2B8620624BCF00B14D4D /* AppDelegate.swift */; };
		9C8C2B8920624BCF00B14D4D /* ViewController.swift in Sources */ = {isa = PBXBuildFile; fileRef = 9C8C2B8820624BCF00B14D4D /* ViewController.swift */; };
		9C8C2B8C20624BCF00B14D4D /* Main.storyboard in Resources */ = {isa = PBXBuildFile; fileRef = 9C8C2B8A20624BCF00B14D4D /* Main.storyboard */; };
		9C8C2B8E20624BCF00B14D4D /* Assets.xcassets in Resources */ = {isa = PBXBuildFile; fileRef = 9C8C2B8D20624BCF00B14D4D /* Assets.xcassets */; };
		9C8C2B9120624BCF00B14D4D /* LaunchScreen.storyboard in Resources */ = {isa = PBXBuildFile; fileRef = 9C8C2B8F20624BCF00B14D4D /* LaunchScreen.storyboard */; };
		F2DDA3D42062DB8D00083F06 /* Interface.storyboard in Resources */ = {isa = PBXBuildFile; fileRef = F2DDA3D22062DB8D00083F06 /* Interface.storyboard */; };
		F2DDA3D62062DB8D00083F06 /* Assets.xcassets in Resources */ = {isa = PBXBuildFile; fileRef = F2DDA3D52062DB8D00083F06 /* Assets.xcassets */; };
		F2DDA3DD2062DB8D00083F06 /* Stress reflector Extension.appex in Embed App Extensions */ = {isa = PBXBuildFile; fileRef = F2DDA3DC2062DB8D00083F06 /* Stress reflector Extension.appex */; settings = {ATTRIBUTES = (RemoveHeadersOnCopy, ); }; };
		F2DDA3E22062DB8D00083F06 /* InterfaceController.swift in Sources */ = {isa = PBXBuildFile; fileRef = F2DDA3E12062DB8D00083F06 /* InterfaceController.swift */; };
		F2DDA3E42062DB8D00083F06 /* ExtensionDelegate.swift in Sources */ = {isa = PBXBuildFile; fileRef = F2DDA3E32062DB8D00083F06 /* ExtensionDelegate.swift */; };
		F2DDA3E62062DB8D00083F06 /* NotificationController.swift in Sources */ = {isa = PBXBuildFile; fileRef = F2DDA3E52062DB8D00083F06 /* NotificationController.swift */; };
		F2DDA3E82062DB8D00083F06 /* ComplicationController.swift in Sources */ = {isa = PBXBuildFile; fileRef = F2DDA3E72062DB8D00083F06 /* ComplicationController.swift */; };
		F2DDA3EA2062DB8D00083F06 /* Assets.xcassets in Resources */ = {isa = PBXBuildFile; fileRef = F2DDA3E92062DB8D00083F06 /* Assets.xcassets */; };
		F2DDA3EF2062DB8D00083F06 /* Stress reflector.app in Embed Watch Content */ = {isa = PBXBuildFile; fileRef = F2DDA3D02062DB8D00083F06 /* Stress reflector.app */; };
/* End PBXBuildFile section */

/* Begin PBXContainerItemProxy section */
		F2DDA3DE2062DB8D00083F06 /* PBXContainerItemProxy */ = {
			isa = PBXContainerItemProxy;
			containerPortal = 9C8C2B7B20624BCF00B14D4D /* Project object */;
			proxyType = 1;
			remoteGlobalIDString = F2DDA3DB2062DB8D00083F06;
			remoteInfo = "Stress reflector Extension";
		};
		F2DDA3ED2062DB8D00083F06 /* PBXContainerItemProxy */ = {
			isa = PBXContainerItemProxy;
			containerPortal = 9C8C2B7B20624BCF00B14D4D /* Project object */;
			proxyType = 1;
			remoteGlobalIDString = F2DDA3CF2062DB8D00083F06;
			remoteInfo = "Stress reflector";
		};
/* End PBXContainerItemProxy section */

/* Begin PBXCopyFilesBuildPhase section */
		F2DDA3F52062DB8D00083F06 /* Embed App Extensions */ = {
			isa = PBXCopyFilesBuildPhase;
			buildActionMask = 2147483647;
			dstPath = "";
			dstSubfolderSpec = 13;
			files = (
				F2DDA3DD2062DB8D00083F06 /* Stress reflector Extension.appex in Embed App Extensions */,
			);
			name = "Embed App Extensions";
			runOnlyForDeploymentPostprocessing = 0;
		};
		F2DDA3F72062DB8D00083F06 /* Embed Watch Content */ = {
			isa = PBXCopyFilesBuildPhase;
			buildActionMask = 2147483647;
			dstPath = "$(CONTENTS_FOLDER_PATH)/Watch";
			dstSubfolderSpec = 16;
			files = (
				F2DDA3EF2062DB8D00083F06 /* Stress reflector.app in Embed Watch Content */,
			);
			name = "Embed Watch Content";
			runOnlyForDeploymentPostprocessing = 0;
		};
/* End PBXCopyFilesBuildPhase section */

/* Begin PBXFileReference section */
		9C8C2B8320624BCF00B14D4D /* legendary-waffle.app */ = {isa = PBXFileReference; explicitFileType = wrapper.application; includeInIndex = 0; path = "legendary-waffle.app"; sourceTree = BUILT_PRODUCTS_DIR; };
		9C8C2B8620624BCF00B14D4D /* AppDelegate.swift */ = {isa = PBXFileReference; lastKnownFileType = sourcecode.swift; path = AppDelegate.swift; sourceTree = "<group>"; };
		9C8C2B8820624BCF00B14D4D /* ViewController.swift */ = {isa = PBXFileReference; lastKnownFileType = sourcecode.swift; path = ViewController.swift; sourceTree = "<group>"; };
		9C8C2B8B20624BCF00B14D4D /* Base */ = {isa = PBXFileReference; lastKnownFileType = file.storyboard; name = Base; path = Base.lproj/Main.storyboard; sourceTree = "<group>"; };
		9C8C2B8D20624BCF00B14D4D /* Assets.xcassets */ = {isa = PBXFileReference; lastKnownFileType = folder.assetcatalog; path = Assets.xcassets; sourceTree = "<group>"; };
		9C8C2B9020624BCF00B14D4D /* Base */ = {isa = PBXFileReference; lastKnownFileType = file.storyboard; name = Base; path = Base.lproj/LaunchScreen.storyboard; sourceTree = "<group>"; };
		9C8C2B9220624BCF00B14D4D /* Info.plist */ = {isa = PBXFileReference; lastKnownFileType = text.plist.xml; path = Info.plist; sourceTree = "<group>"; };
		F2DDA3D02062DB8D00083F06 /* Stress reflector.app */ = {isa = PBXFileReference; explicitFileType = wrapper.application; includeInIndex = 0; path = "Stress reflector.app"; sourceTree = BUILT_PRODUCTS_DIR; };
		F2DDA3D32062DB8D00083F06 /* Base */ = {isa = PBXFileReference; lastKnownFileType = file.storyboard; name = Base; path = Base.lproj/Interface.storyboard; sourceTree = "<group>"; };
		F2DDA3D52062DB8D00083F06 /* Assets.xcassets */ = {isa = PBXFileReference; lastKnownFileType = folder.assetcatalog; path = Assets.xcassets; sourceTree = "<group>"; };
		F2DDA3D72062DB8D00083F06 /* Info.plist */ = {isa = PBXFileReference; lastKnownFileType = text.plist.xml; path = Info.plist; sourceTree = "<group>"; };
		F2DDA3DC2062DB8D00083F06 /* Stress reflector Extension.appex */ = {isa = PBXFileReference; explicitFileType = "wrapper.app-extension"; includeInIndex = 0; path = "Stress reflector Extension.appex"; sourceTree = BUILT_PRODUCTS_DIR; };
		F2DDA3E12062DB8D00083F06 /* InterfaceController.swift */ = {isa = PBXFileReference; lastKnownFileType = sourcecode.swift; path = InterfaceController.swift; sourceTree = "<group>"; };
		F2DDA3E32062DB8D00083F06 /* ExtensionDelegate.swift */ = {isa = PBXFileReference; lastKnownFileType = sourcecode.swift; path = ExtensionDelegate.swift; sourceTree = "<group>"; };
		F2DDA3E52062DB8D00083F06 /* NotificationController.swift */ = {isa = PBXFileReference; lastKnownFileType = sourcecode.swift; path = NotificationController.swift; sourceTree = "<group>"; };
		F2DDA3E72062DB8D00083F06 /* ComplicationController.swift */ = {isa = PBXFileReference; lastKnownFileType = sourcecode.swift; path = ComplicationController.swift; sourceTree = "<group>"; };
		F2DDA3E92062DB8D00083F06 /* Assets.xcassets */ = {isa = PBXFileReference; lastKnownFileType = folder.assetcatalog; path = Assets.xcassets; sourceTree = "<group>"; };
		F2DDA3EB2062DB8D00083F06 /* Info.plist */ = {isa = PBXFileReference; lastKnownFileType = text.plist.xml; path = Info.plist; sourceTree = "<group>"; };
		F2DDA3EC2062DB8D00083F06 /* PushNotificationPayload.apns */ = {isa = PBXFileReference; lastKnownFileType = text; path = PushNotificationPayload.apns; sourceTree = "<group>"; };
/* End PBXFileReference section */

/* Begin PBXFrameworksBuildPhase section */
		9C8C2B8020624BCF00B14D4D /* Frameworks */ = {
			isa = PBXFrameworksBuildPhase;
			buildActionMask = 2147483647;
			files = (
			);
			runOnlyForDeploymentPostprocessing = 0;
		};
		F2DDA3D92062DB8D00083F06 /* Frameworks */ = {
			isa = PBXFrameworksBuildPhase;
			buildActionMask = 2147483647;
			files = (
			);
			runOnlyForDeploymentPostprocessing = 0;
		};
/* End PBXFrameworksBuildPhase section */

/* Begin PBXGroup section */
		9C8C2B7A20624BCF00B14D4D = {
			isa = PBXGroup;
			children = (
				9C8C2B8520624BCF00B14D4D /* legendary-waffle */,
				F2DDA3D12062DB8D00083F06 /* Stress reflector */,
				F2DDA3E02062DB8D00083F06 /* Stress reflector Extension */,
				9C8C2B8420624BCF00B14D4D /* Products */,
			);
			sourceTree = "<group>";
		};
		9C8C2B8420624BCF00B14D4D /* Products */ = {
			isa = PBXGroup;
			children = (
				9C8C2B8320624BCF00B14D4D /* legendary-waffle.app */,
				F2DDA3D02062DB8D00083F06 /* Stress reflector.app */,
				F2DDA3DC2062DB8D00083F06 /* Stress reflector Extension.appex */,
			);
			name = Products;
			sourceTree = "<group>";
		};
		9C8C2B8520624BCF00B14D4D /* legendary-waffle */ = {
			isa = PBXGroup;
			children = (
				9C8C2B8620624BCF00B14D4D /* AppDelegate.swift */,
				9C8C2B8820624BCF00B14D4D /* ViewController.swift */,
				9C8C2B8A20624BCF00B14D4D /* Main.storyboard */,
				9C8C2B8D20624BCF00B14D4D /* Assets.xcassets */,
				9C8C2B8F20624BCF00B14D4D /* LaunchScreen.storyboard */,
				9C8C2B9220624BCF00B14D4D /* Info.plist */,
			);
			path = "legendary-waffle";
			sourceTree = "<group>";
		};
		F2DDA3D12062DB8D00083F06 /* Stress reflector */ = {
			isa = PBXGroup;
			children = (
				F2DDA3D22062DB8D00083F06 /* Interface.storyboard */,
				F2DDA3D52062DB8D00083F06 /* Assets.xcassets */,
				F2DDA3D72062DB8D00083F06 /* Info.plist */,
			);
			path = "Stress reflector";
			sourceTree = "<group>";
		};
		F2DDA3E02062DB8D00083F06 /* Stress reflector Extension */ = {
			isa = PBXGroup;
			children = (
				F2DDA3E12062DB8D00083F06 /* InterfaceController.swift */,
				F2DDA3E32062DB8D00083F06 /* ExtensionDelegate.swift */,
				F2DDA3E52062DB8D00083F06 /* NotificationController.swift */,
				F2DDA3E72062DB8D00083F06 /* ComplicationController.swift */,
				F2DDA3E92062DB8D00083F06 /* Assets.xcassets */,
				F2DDA3EB2062DB8D00083F06 /* Info.plist */,
				F2DDA3EC2062DB8D00083F06 /* PushNotificationPayload.apns */,
			);
			path = "Stress reflector Extension";
			sourceTree = "<group>";
		};
/* End PBXGroup section */

/* Begin PBXNativeTarget section */
		9C8C2B8220624BCF00B14D4D /* legendary-waffle */ = {
			isa = PBXNativeTarget;
			buildConfigurationList = 9C8C2B9520624BCF00B14D4D /* Build configuration list for PBXNativeTarget "legendary-waffle" */;
			buildPhases = (
				9C8C2B7F20624BCF00B14D4D /* Sources */,
				9C8C2B8020624BCF00B14D4D /* Frameworks */,
				9C8C2B8120624BCF00B14D4D /* Resources */,
				F2DDA3F72062DB8D00083F06 /* Embed Watch Content */,
			);
			buildRules = (
			);
			dependencies = (
				F2DDA3EE2062DB8D00083F06 /* PBXTargetDependency */,
			);
			name = "legendary-waffle";
			productName = "legendary-waffle";
			productReference = 9C8C2B8320624BCF00B14D4D /* legendary-waffle.app */;
			productType = "com.apple.product-type.application";
		};
		F2DDA3CF2062DB8D00083F06 /* Stress reflector */ = {
			isa = PBXNativeTarget;
			buildConfigurationList = F2DDA3F62062DB8D00083F06 /* Build configuration list for PBXNativeTarget "Stress reflector" */;
			buildPhases = (
				F2DDA3CE2062DB8D00083F06 /* Resources */,
				F2DDA3F52062DB8D00083F06 /* Embed App Extensions */,
			);
			buildRules = (
			);
			dependencies = (
				F2DDA3DF2062DB8D00083F06 /* PBXTargetDependency */,
			);
			name = "Stress reflector";
			productName = "Stress reflector";
			productReference = F2DDA3D02062DB8D00083F06 /* Stress reflector.app */;
			productType = "com.apple.product-type.application.watchapp2";
		};
		F2DDA3DB2062DB8D00083F06 /* Stress reflector Extension */ = {
			isa = PBXNativeTarget;
			buildConfigurationList = F2DDA3F42062DB8D00083F06 /* Build configuration list for PBXNativeTarget "Stress reflector Extension" */;
			buildPhases = (
				F2DDA3D82062DB8D00083F06 /* Sources */,
				F2DDA3D92062DB8D00083F06 /* Frameworks */,
				F2DDA3DA2062DB8D00083F06 /* Resources */,
			);
			buildRules = (
			);
			dependencies = (
			);
			name = "Stress reflector Extension";
			productName = "Stress reflector Extension";
			productReference = F2DDA3DC2062DB8D00083F06 /* Stress reflector Extension.appex */;
			productType = "com.apple.product-type.watchkit2-extension";
		};
/* End PBXNativeTarget section */

/* Begin PBXProject section */
		9C8C2B7B20624BCF00B14D4D /* Project object */ = {
			isa = PBXProject;
			attributes = {
				LastSwiftUpdateCheck = 0920;
				LastUpgradeCheck = 0920;
				ORGANIZATIONNAME = "Martin Meincke";
				TargetAttributes = {
					9C8C2B8220624BCF00B14D4D = {
						CreatedOnToolsVersion = 9.2;
						ProvisioningStyle = Automatic;
					};
					F2DDA3CF2062DB8D00083F06 = {
						CreatedOnToolsVersion = 9.2;
						ProvisioningStyle = Automatic;
					};
					F2DDA3DB2062DB8D00083F06 = {
						CreatedOnToolsVersion = 9.2;
						ProvisioningStyle = Automatic;
					};
				};
			};
			buildConfigurationList = 9C8C2B7E20624BCF00B14D4D /* Build configuration list for PBXProject "legendary-waffle" */;
			compatibilityVersion = "Xcode 8.0";
			developmentRegion = en;
			hasScannedForEncodings = 0;
			knownRegions = (
				en,
				Base,
			);
			mainGroup = 9C8C2B7A20624BCF00B14D4D;
			productRefGroup = 9C8C2B8420624BCF00B14D4D /* Products */;
			projectDirPath = "";
			projectRoot = "";
			targets = (
				9C8C2B8220624BCF00B14D4D /* legendary-waffle */,
				F2DDA3CF2062DB8D00083F06 /* Stress reflector */,
				F2DDA3DB2062DB8D00083F06 /* Stress reflector Extension */,
			);
		};
/* End PBXProject section */

/* Begin PBXResourcesBuildPhase section */
		9C8C2B8120624BCF00B14D4D /* Resources */ = {
			isa = PBXResourcesBuildPhase;
			buildActionMask = 2147483647;
			files = (
				9C8C2B9120624BCF00B14D4D /* LaunchScreen.storyboard in Resources */,
				9C8C2B8E20624BCF00B14D4D /* Assets.xcassets in Resources */,
				9C8C2B8C20624BCF00B14D4D /* Main.storyboard in Resources */,
			);
			runOnlyForDeploymentPostprocessing = 0;
		};
		F2DDA3CE2062DB8D00083F06 /* Resources */ = {
			isa = PBXResourcesBuildPhase;
			buildActionMask = 2147483647;
			files = (
				F2DDA3D62062DB8D00083F06 /* Assets.xcassets in Resources */,
				F2DDA3D42062DB8D00083F06 /* Interface.storyboard in Resources */,
			);
			runOnlyForDeploymentPostprocessing = 0;
		};
		F2DDA3DA2062DB8D00083F06 /* Resources */ = {
			isa = PBXResourcesBuildPhase;
			buildActionMask = 2147483647;
			files = (
				F2DDA3EA2062DB8D00083F06 /* Assets.xcassets in Resources */,
			);
			runOnlyForDeploymentPostprocessing = 0;
		};
/* End PBXResourcesBuildPhase section */

/* Begin PBXSourcesBuildPhase section */
		9C8C2B7F20624BCF00B14D4D /* Sources */ = {
			isa = PBXSourcesBuildPhase;
			buildActionMask = 2147483647;
			files = (
				9C8C2B8920624BCF00B14D4D /* ViewController.swift in Sources */,
				9C8C2B8720624BCF00B14D4D /* AppDelegate.swift in Sources */,
			);
			runOnlyForDeploymentPostprocessing = 0;
		};
		F2DDA3D82062DB8D00083F06 /* Sources */ = {
			isa = PBXSourcesBuildPhase;
			buildActionMask = 2147483647;
			files = (
				F2DDA3E62062DB8D00083F06 /* NotificationController.swift in Sources */,
				F2DDA3E82062DB8D00083F06 /* ComplicationController.swift in Sources */,
				F2DDA3E42062DB8D00083F06 /* ExtensionDelegate.swift in Sources */,
				F2DDA3E22062DB8D00083F06 /* InterfaceController.swift in Sources */,
			);
			runOnlyForDeploymentPostprocessing = 0;
		};
/* End PBXSourcesBuildPhase section */

/* Begin PBXTargetDependency section */
		F2DDA3DF2062DB8D00083F06 /* PBXTargetDependency */ = {
			isa = PBXTargetDependency;
			target = F2DDA3DB2062DB8D00083F06 /* Stress reflector Extension */;
			targetProxy = F2DDA3DE2062DB8D00083F06 /* PBXContainerItemProxy */;
		};
		F2DDA3EE2062DB8D00083F06 /* PBXTargetDependency */ = {
			isa = PBXTargetDependency;
			target = F2DDA3CF2062DB8D00083F06 /* Stress reflector */;
			targetProxy = F2DDA3ED2062DB8D00083F06 /* PBXContainerItemProxy */;
		};
/* End PBXTargetDependency section */

/* Begin PBXVariantGroup section */
		9C8C2B8A20624BCF00B14D4D /* Main.storyboard */ = {
			isa = PBXVariantGroup;
			children = (
				9C8C2B8B20624BCF00B14D4D /* Base */,
			);
			name = Main.storyboard;
			sourceTree = "<group>";
		};
		9C8C2B8F20624BCF00B14D4D /* LaunchScreen.storyboard */ = {
			isa = PBXVariantGroup;
			children = (
				9C8C2B9020624BCF00B14D4D /* Base */,
			);
			name = LaunchScreen.storyboard;
			sourceTree = "<group>";
		};
		F2DDA3D22062DB8D00083F06 /* Interface.storyboard */ = {
			isa = PBXVariantGroup;
			children = (
				F2DDA3D32062DB8D00083F06 /* Base */,
			);
			name = Interface.storyboard;
			sourceTree = "<group>";
		};
/* End PBXVariantGroup section */

/* Begin XCBuildConfiguration section */
		9C8C2B9320624BCF00B14D4D /* Debug */ = {
			isa = XCBuildConfiguration;
			buildSettings = {
				ALWAYS_SEARCH_USER_PATHS = NO;
				CLANG_ANALYZER_NONNULL = YES;
				CLANG_ANALYZER_NUMBER_OBJECT_CONVERSION = YES_AGGRESSIVE;
				CLANG_CXX_LANGUAGE_STANDARD = "gnu++14";
				CLANG_CXX_LIBRARY = "libc++";
				CLANG_ENABLE_MODULES = YES;
				CLANG_ENABLE_OBJC_ARC = YES;
				CLANG_WARN_BLOCK_CAPTURE_AUTORELEASING = YES;
				CLANG_WARN_BOOL_CONVERSION = YES;
				CLANG_WARN_COMMA = YES;
				CLANG_WARN_CONSTANT_CONVERSION = YES;
				CLANG_WARN_DIRECT_OBJC_ISA_USAGE = YES_ERROR;
				CLANG_WARN_DOCUMENTATION_COMMENTS = YES;
				CLANG_WARN_EMPTY_BODY = YES;
				CLANG_WARN_ENUM_CONVERSION = YES;
				CLANG_WARN_INFINITE_RECURSION = YES;
				CLANG_WARN_INT_CONVERSION = YES;
				CLANG_WARN_NON_LITERAL_NULL_CONVERSION = YES;
				CLANG_WARN_OBJC_LITERAL_CONVERSION = YES;
				CLANG_WARN_OBJC_ROOT_CLASS = YES_ERROR;
				CLANG_WARN_RANGE_LOOP_ANALYSIS = YES;
				CLANG_WARN_STRICT_PROTOTYPES = YES;
				CLANG_WARN_SUSPICIOUS_MOVE = YES;
				CLANG_WARN_UNGUARDED_AVAILABILITY = YES_AGGRESSIVE;
				CLANG_WARN_UNREACHABLE_CODE = YES;
				CLANG_WARN__DUPLICATE_METHOD_MATCH = YES;
				CODE_SIGN_IDENTITY = "iPhone Developer";
				COPY_PHASE_STRIP = NO;
				DEBUG_INFORMATION_FORMAT = dwarf;
				ENABLE_STRICT_OBJC_MSGSEND = YES;
				ENABLE_TESTABILITY = YES;
				GCC_C_LANGUAGE_STANDARD = gnu11;
				GCC_DYNAMIC_NO_PIC = NO;
				GCC_NO_COMMON_BLOCKS = YES;
				GCC_OPTIMIZATION_LEVEL = 0;
				GCC_PREPROCESSOR_DEFINITIONS = (
					"DEBUG=1",
					"$(inherited)",
				);
				GCC_WARN_64_TO_32_BIT_CONVERSION = YES;
				GCC_WARN_ABOUT_RETURN_TYPE = YES_ERROR;
				GCC_WARN_UNDECLARED_SELECTOR = YES;
				GCC_WARN_UNINITIALIZED_AUTOS = YES_AGGRESSIVE;
				GCC_WARN_UNUSED_FUNCTION = YES;
				GCC_WARN_UNUSED_VARIABLE = YES;
				IPHONEOS_DEPLOYMENT_TARGET = 11.2;
				MTL_ENABLE_DEBUG_INFO = YES;
				ONLY_ACTIVE_ARCH = YES;
				SDKROOT = iphoneos;
				SWIFT_ACTIVE_COMPILATION_CONDITIONS = DEBUG;
				SWIFT_OPTIMIZATION_LEVEL = "-Onone";
			};
			name = Debug;
		};
		9C8C2B9420624BCF00B14D4D /* Release */ = {
			isa = XCBuildConfiguration;
			buildSettings = {
				ALWAYS_SEARCH_USER_PATHS = NO;
				CLANG_ANALYZER_NONNULL = YES;
				CLANG_ANALYZER_NUMBER_OBJECT_CONVERSION = YES_AGGRESSIVE;
				CLANG_CXX_LANGUAGE_STANDARD = "gnu++14";
				CLANG_CXX_LIBRARY = "libc++";
				CLANG_ENABLE_MODULES = YES;
				CLANG_ENABLE_OBJC_ARC = YES;
				CLANG_WARN_BLOCK_CAPTURE_AUTORELEASING = YES;
				CLANG_WARN_BOOL_CONVERSION = YES;
				CLANG_WARN_COMMA = YES;
				CLANG_WARN_CONSTANT_CONVERSION = YES;
				CLANG_WARN_DIRECT_OBJC_ISA_USAGE = YES_ERROR;
				CLANG_WARN_DOCUMENTATION_COMMENTS = YES;
				CLANG_WARN_EMPTY_BODY = YES;
				CLANG_WARN_ENUM_CONVERSION = YES;
				CLANG_WARN_INFINITE_RECURSION = YES;
				CLANG_WARN_INT_CONVERSION = YES;
				CLANG_WARN_NON_LITERAL_NULL_CONVERSION = YES;
				CLANG_WARN_OBJC_LITERAL_CONVERSION = YES;
				CLANG_WARN_OBJC_ROOT_CLASS = YES_ERROR;
				CLANG_WARN_RANGE_LOOP_ANALYSIS = YES;
				CLANG_WARN_STRICT_PROTOTYPES = YES;
				CLANG_WARN_SUSPICIOUS_MOVE = YES;
				CLANG_WARN_UNGUARDED_AVAILABILITY = YES_AGGRESSIVE;
				CLANG_WARN_UNREACHABLE_CODE = YES;
				CLANG_WARN__DUPLICATE_METHOD_MATCH = YES;
				CODE_SIGN_IDENTITY = "iPhone Developer";
				COPY_PHASE_STRIP = NO;
				DEBUG_INFORMATION_FORMAT = "dwarf-with-dsym";
				ENABLE_NS_ASSERTIONS = NO;
				ENABLE_STRICT_OBJC_MSGSEND = YES;
				GCC_C_LANGUAGE_STANDARD = gnu11;
				GCC_NO_COMMON_BLOCKS = YES;
				GCC_WARN_64_TO_32_BIT_CONVERSION = YES;
				GCC_WARN_ABOUT_RETURN_TYPE = YES_ERROR;
				GCC_WARN_UNDECLARED_SELECTOR = YES;
				GCC_WARN_UNINITIALIZED_AUTOS = YES_AGGRESSIVE;
				GCC_WARN_UNUSED_FUNCTION = YES;
				GCC_WARN_UNUSED_VARIABLE = YES;
				IPHONEOS_DEPLOYMENT_TARGET = 11.2;
				MTL_ENABLE_DEBUG_INFO = NO;
				SDKROOT = iphoneos;
				SWIFT_OPTIMIZATION_LEVEL = "-Owholemodule";
				VALIDATE_PRODUCT = YES;
			};
			name = Release;
		};
		9C8C2B9620624BCF00B14D4D /* Debug */ = {
			isa = XCBuildConfiguration;
			buildSettings = {
				ASSETCATALOG_COMPILER_APPICON_NAME = AppIcon;
				CODE_SIGN_STYLE = Automatic;
				DEVELOPMENT_TEAM = 33V3XZ752C;
				INFOPLIST_FILE = "legendary-waffle/Info.plist";
				LD_RUNPATH_SEARCH_PATHS = "$(inherited) @executable_path/Frameworks";
				PRODUCT_BUNDLE_IDENTIFIER = "dk.dtu.legendary-waffle";
				PRODUCT_NAME = "$(TARGET_NAME)";
				SWIFT_VERSION = 4.0;
				TARGETED_DEVICE_FAMILY = "1,2";
			};
			name = Debug;
		};
		9C8C2B9720624BCF00B14D4D /* Release */ = {
			isa = XCBuildConfiguration;
			buildSettings = {
				ASSETCATALOG_COMPILER_APPICON_NAME = AppIcon;
				CODE_SIGN_STYLE = Automatic;
				DEVELOPMENT_TEAM = 33V3XZ752C;
				INFOPLIST_FILE = "legendary-waffle/Info.plist";
				LD_RUNPATH_SEARCH_PATHS = "$(inherited) @executable_path/Frameworks";
				PRODUCT_BUNDLE_IDENTIFIER = "dk.dtu.legendary-waffle";
				PRODUCT_NAME = "$(TARGET_NAME)";
				SWIFT_VERSION = 4.0;
				TARGETED_DEVICE_FAMILY = "1,2";
			};
			name = Release;
		};
		F2DDA3F02062DB8D00083F06 /* Debug */ = {
			isa = XCBuildConfiguration;
			buildSettings = {
				ALWAYS_EMBED_SWIFT_STANDARD_LIBRARIES = YES;
				ASSETCATALOG_COMPILER_APPICON_NAME = AppIcon;
				CODE_SIGN_STYLE = Automatic;
				DEVELOPMENT_TEAM = 33V3XZ752C;
				IBSC_MODULE = Stress_reflector_Extension;
				INFOPLIST_FILE = "Stress reflector/Info.plist";
				PRODUCT_BUNDLE_IDENTIFIER = "dk.dtu.legendary-waffle.watchkitapp";
				PRODUCT_NAME = "$(TARGET_NAME)";
				SDKROOT = watchos;
				SKIP_INSTALL = YES;
				SWIFT_VERSION = 4.0;
				TARGETED_DEVICE_FAMILY = 4;
				WATCHOS_DEPLOYMENT_TARGET = 4.2;
			};
			name = Debug;
		};
		F2DDA3F12062DB8D00083F06 /* Release */ = {
			isa = XCBuildConfiguration;
			buildSettings = {
				ALWAYS_EMBED_SWIFT_STANDARD_LIBRARIES = YES;
				ASSETCATALOG_COMPILER_APPICON_NAME = AppIcon;
				CODE_SIGN_STYLE = Automatic;
				DEVELOPMENT_TEAM = 33V3XZ752C;
				IBSC_MODULE = Stress_reflector_Extension;
				INFOPLIST_FILE = "Stress reflector/Info.plist";
				PRODUCT_BUNDLE_IDENTIFIER = "dk.dtu.legendary-waffle.watchkitapp";
				PRODUCT_NAME = "$(TARGET_NAME)";
				SDKROOT = watchos;
				SKIP_INSTALL = YES;
				SWIFT_VERSION = 4.0;
				TARGETED_DEVICE_FAMILY = 4;
				WATCHOS_DEPLOYMENT_TARGET = 4.2;
			};
			name = Release;
		};
		F2DDA3F22062DB8D00083F06 /* Debug */ = {
			isa = XCBuildConfiguration;
			buildSettings = {
				ASSETCATALOG_COMPILER_COMPLICATION_NAME = Complication;
				CODE_SIGN_STYLE = Automatic;
				DEVELOPMENT_TEAM = 397AXFHJ4Z;
				INFOPLIST_FILE = "Stress reflector Extension/Info.plist";
				LD_RUNPATH_SEARCH_PATHS = "$(inherited) @executable_path/Frameworks @executable_path/../../Frameworks";
				PRODUCT_BUNDLE_IDENTIFIER = "dk.dtu.legendary-waffle.watchkitapp.watchkitextension";
				PRODUCT_NAME = "${TARGET_NAME}";
				SDKROOT = watchos;
				SKIP_INSTALL = YES;
				SWIFT_VERSION = 4.0;
				TARGETED_DEVICE_FAMILY = 4;
				WATCHOS_DEPLOYMENT_TARGET = 4.2;
			};
			name = Debug;
		};
		F2DDA3F32062DB8D00083F06 /* Release */ = {
			isa = XCBuildConfiguration;
			buildSettings = {
				ASSETCATALOG_COMPILER_COMPLICATION_NAME = Complication;
				CODE_SIGN_STYLE = Automatic;
				DEVELOPMENT_TEAM = 397AXFHJ4Z;
				INFOPLIST_FILE = "Stress reflector Extension/Info.plist";
				LD_RUNPATH_SEARCH_PATHS = "$(inherited) @executable_path/Frameworks @executable_path/../../Frameworks";
				PRODUCT_BUNDLE_IDENTIFIER = "dk.dtu.legendary-waffle.watchkitapp.watchkitextension";
				PRODUCT_NAME = "${TARGET_NAME}";
				SDKROOT = watchos;
				SKIP_INSTALL = YES;
				SWIFT_VERSION = 4.0;
				TARGETED_DEVICE_FAMILY = 4;
				WATCHOS_DEPLOYMENT_TARGET = 4.2;
			};
			name = Release;
		};
/* End XCBuildConfiguration section */

/* Begin XCConfigurationList section */
		9C8C2B7E20624BCF00B14D4D /* Build configuration list for PBXProject "legendary-waffle" */ = {
			isa = XCConfigurationList;
			buildConfigurations = (
				9C8C2B9320624BCF00B14D4D /* Debug */,
				9C8C2B9420624BCF00B14D4D /* Release */,
			);
			defaultConfigurationIsVisible = 0;
			defaultConfigurationName = Release;
		};
		9C8C2B9520624BCF00B14D4D /* Build configuration list for PBXNativeTarget "legendary-waffle" */ = {
			isa = XCConfigurationList;
			buildConfigurations = (
				9C8C2B9620624BCF00B14D4D /* Debug */,
				9C8C2B9720624BCF00B14D4D /* Release */,
			);
			defaultConfigurationIsVisible = 0;
			defaultConfigurationName = Release;
		};
		F2DDA3F42062DB8D00083F06 /* Build configuration list for PBXNativeTarget "Stress reflector Extension" */ = {
			isa = XCConfigurationList;
			buildConfigurations = (
				F2DDA3F22062DB8D00083F06 /* Debug */,
				F2DDA3F32062DB8D00083F06 /* Release */,
			);
			defaultConfigurationIsVisible = 0;
			defaultConfigurationName = Release;
		};
		F2DDA3F62062DB8D00083F06 /* Build configuration list for PBXNativeTarget "Stress reflector" */ = {
			isa = XCConfigurationList;
			buildConfigurations = (
				F2DDA3F02062DB8D00083F06 /* Debug */,
				F2DDA3F12062DB8D00083F06 /* Release */,
			);
			defaultConfigurationIsVisible = 0;
			defaultConfigurationName = Release;
		};
/* End XCConfigurationList section */
	};
	rootObject = 9C8C2B7B20624BCF00B14D4D /* Project object */;
}
